
Microsoft Visual Studio Solution File, Format Version 12.00
# Visual Studio Version 16
VisualStudioVersion = 16.0.29911.84
MinimumVisualStudioVersion = 10.0.40219.1
Project("{FAE04EC0-301F-11D3-BF4B-00C04F79EFBC}") = "Personal financial records BL", "Personal financial records BL\Personal financial records BL.csproj", "{3487926E-1401-4217-9E8D-793B696F5E73}"
EndProject
Project("{FAE04EC0-301F-11D3-BF4B-00C04F79EFBC}") = "Personal financial records.CMD", "Personal financial records.CMD\Personal financial records.CMD.csproj", "{C24C5A88-0780-4F5D-9E70-3A93F3B77A6F}"
EndProject
Project("{FAE04EC0-301F-11D3-BF4B-00C04F79EFBC}") = "Personal financial records BLTests", "Personal financial records BLTests\Personal financial records BLTests.csproj", "{F492F39D-A883-4822-AD09-31C71CD6DF33}"
EndProject
Global
	GlobalSection(SolutionConfigurationPlatforms) = preSolution
		Debug|Any CPU = Debug|Any CPU
		Release|Any CPU = Release|Any CPU
	EndGlobalSection
	GlobalSection(ProjectConfigurationPlatforms) = postSolution
		{3487926E-1401-4217-9E8D-793B696F5E73}.Debug|Any CPU.ActiveCfg = Debug|Any CPU
		{3487926E-1401-4217-9E8D-793B696F5E73}.Debug|Any CPU.Build.0 = Debug|Any CPU
		{3487926E-1401-4217-9E8D-793B696F5E73}.Release|Any CPU.ActiveCfg = Release|Any CPU
		{3487926E-1401-4217-9E8D-793B696F5E73}.Release|Any CPU.Build.0 = Release|Any CPU
		{C24C5A88-0780-4F5D-9E70-3A93F3B77A6F}.Debug|Any CPU.ActiveCfg = Debug|Any CPU
		{C24C5A88-0780-4F5D-9E70-3A93F3B77A6F}.Debug|Any CPU.Build.0 = Debug|Any CPU
		{C24C5A88-0780-4F5D-9E70-3A93F3B77A6F}.Release|Any CPU.ActiveCfg = Release|Any CPU
		{C24C5A88-0780-4F5D-9E70-3A93F3B77A6F}.Release|Any CPU.Build.0 = Release|Any CPU
		{F492F39D-A883-4822-AD09-31C71CD6DF33}.Debug|Any CPU.ActiveCfg = Debug|Any CPU
		{F492F39D-A883-4822-AD09-31C71CD6DF33}.Debug|Any CPU.Build.0 = Debug|Any CPU
		{F492F39D-A883-4822-AD09-31C71CD6DF33}.Release|Any CPU.ActiveCfg = Release|Any CPU
		{F492F39D-A883-4822-AD09-31C71CD6DF33}.Release|Any CPU.Build.0 = Release|Any CPU
	EndGlobalSection
	GlobalSection(SolutionProperties) = preSolution
		HideSolutionNode = FALSE
	EndGlobalSection
	GlobalSection(ExtensibilityGlobals) = postSolution
		SolutionGuid = {D1E7ABA7-5B54-4406-870B-BA3D5ED25E93}
	EndGlobalSection
EndGlobal
